
Microsoft Visual Studio Solution File, Format Version 12.00
# Visual Studio Version 17
VisualStudioVersion = 17.11.35312.102
MinimumVisualStudioVersion = 10.0.40219.1
Project("{2150E333-8FDC-42A3-9474-1A3956D46DE8}") = "Task0", "Task0", "{5EB0809B-1674-41B4-AB39-DE5CF2B562FE}"
EndProject
Project("{FAE04EC0-301F-11D3-BF4B-00C04F79EFBC}") = "Tyuiu.EvseevEI.Sprint4.Task0.V29", "Tyuiu.EvseevEI.Sprint4.Task0.V29\Tyuiu.EvseevEI.Sprint4.Task0.V29.csproj", "{DB39E2BD-E5A9-4AEF-9144-226F0EC787CF}"
EndProject
Project("{FAE04EC0-301F-11D3-BF4B-00C04F79EFBC}") = "Tyuiu.EvseevEI.Sprint4.Task0.V29.Test", "Tyuiu.EvseevEI.Sprint4.Task0.V29.Test\Tyuiu.EvseevEI.Sprint4.Task0.V29.Test.csproj", "{19A5F2EA-CB95-4F62-B35E-A06C84F0FC4E}"
EndProject
Project("{FAE04EC0-301F-11D3-BF4B-00C04F79EFBC}") = "Tyuiu.EvseevEI.Sprint4.Task0.V29.Lib", "Tyuiu.EvseevEI.Sprint4.Task0.V29.Lib\Tyuiu.EvseevEI.Sprint4.Task0.V29.Lib.csproj", "{12116766-705A-4531-8890-26A19C60A70A}"
EndProject
Project("{2150E333-8FDC-42A3-9474-1A3956D46DE8}") = "Task1", "Task1", "{D44111D0-64A4-49E8-9FA1-31C43FC5E403}"
EndProject
Project("{FAE04EC0-301F-11D3-BF4B-00C04F79EFBC}") = "Tyuiu.EvseevEI.Sprint4.Task1.V13", "Tyuiu.EvseevEI.Sprint4.Task1.V13\Tyuiu.EvseevEI.Sprint4.Task1.V13.csproj", "{0F78FFA8-E4F3-4D6E-BB64-272F4F8AD935}"
EndProject
Project("{FAE04EC0-301F-11D3-BF4B-00C04F79EFBC}") = "Tyuiu.EvseevEI.Sprint4.Task1.V13.Test", "Tyuiu.EvseevEI.Sprint4.Task1.V13.Test\Tyuiu.EvseevEI.Sprint4.Task1.V13.Test.csproj", "{1D6C335C-FA4F-4DF3-BCE3-4BE65C13E93A}"
EndProject
Project("{FAE04EC0-301F-11D3-BF4B-00C04F79EFBC}") = "Tyuiu.EvseevEI.Sprint4.Task1.V13.Lib", "Tyuiu.EvseevEI.Sprint4.Task1.V13.Lib\Tyuiu.EvseevEI.Sprint4.Task1.V13.Lib.csproj", "{CC9B03FC-835E-4298-AB4E-5ABF6309126D}"
EndProject
Project("{2150E333-8FDC-42A3-9474-1A3956D46DE8}") = "Task2", "Task2", "{C7AC9A3F-E5A3-40C1-9CB3-1D31C5E2C8E2}"
EndProject
Project("{FAE04EC0-301F-11D3-BF4B-00C04F79EFBC}") = "Tyuiu.EvseevEI.Sprint4.Task2.V12.Lib", "Tyuiu.EvseevEI.Sprint4.Task2.V12.Lib\Tyuiu.EvseevEI.Sprint4.Task2.V12.Lib.csproj", "{12D3D90D-7946-4F54-9DD7-8D2A54E617A6}"
EndProject
Project("{FAE04EC0-301F-11D3-BF4B-00C04F79EFBC}") = "Tyuiu.EvseevEI.Sprint4.Task2.V12", "Tyuiu.EvseevEI.Sprint4.Task2.V12\Tyuiu.EvseevEI.Sprint4.Task2.V12.csproj", "{4D50F909-AF7E-4F6A-B08F-A415183C16B5}"
EndProject
Project("{FAE04EC0-301F-11D3-BF4B-00C04F79EFBC}") = "Tyuiu.EvseevEI.Sprint4.Task2.V12.Test", "Tyuiu.EvseevEI.Sprint4.Task2.V12.Test\Tyuiu.EvseevEI.Sprint4.Task2.V12.Test.csproj", "{535C07A3-32E0-4CEE-AD61-44860FE76F9A}"
EndProject
Project("{2150E333-8FDC-42A3-9474-1A3956D46DE8}") = "Task3", "Task3", "{6FDD50A2-7B6B-4CC9-A211-294B3927291B}"
EndProject
Project("{2150E333-8FDC-42A3-9474-1A3956D46DE8}") = "Task4", "Task4", "{E3E3940F-FD40-426F-9295-EC304C1E69C9}"
EndProject
Project("{FAE04EC0-301F-11D3-BF4B-00C04F79EFBC}") = "Tyuiu.EvseevEI.Sprint4.Task4.V8", "Tyuiu.EvseevEI.Sprint4.Task4.V8\Tyuiu.EvseevEI.Sprint4.Task4.V8.csproj", "{B2CB45CB-9CE0-4FDE-85D2-165811AB4387}"
EndProject
Project("{FAE04EC0-301F-11D3-BF4B-00C04F79EFBC}") = "Tyuiu.EvseevEI.Sprint4.Task4.V8.Test", "Tyuiu.EvseevEI.Sprint4.Task4.V8.Test\Tyuiu.EvseevEI.Sprint4.Task4.V8.Test.csproj", "{D473CBE5-DD4D-4423-B00E-E885C5BAB739}"
EndProject
Project("{FAE04EC0-301F-11D3-BF4B-00C04F79EFBC}") = "Tyuiu.EvseevEI.Sprint4.Task4.V8.Lib", "Tyuiu.EvseevEI.Sprint4.Task4.V8.Lib\Tyuiu.EvseevEI.Sprint4.Task4.V8.Lib.csproj", "{601CE641-D5C9-4E8A-B7C4-88FDCFA02EC1}"
EndProject
Project("{2150E333-8FDC-42A3-9474-1A3956D46DE8}") = "Task5", "Task5", "{A0A7929C-0B67-4A12-A1F8-6E7BB302DE8B}"
EndProject
Project("{FAE04EC0-301F-11D3-BF4B-00C04F79EFBC}") = "Tyuiu.EvseevEI.Sprint4.Task5.V28", "Tyuiu.EvseevEI.Sprint4.Task5.V28\Tyuiu.EvseevEI.Sprint4.Task5.V28.csproj", "{8ED0E09E-D2EB-4F55-B16A-CE9639CB92DF}"
EndProject
Project("{FAE04EC0-301F-11D3-BF4B-00C04F79EFBC}") = "Tyuiu.EvseevEI.Sprint4.Task5.V28.Test", "Tyuiu.EvseevEI.Sprint4.Task5.V28.Test\Tyuiu.EvseevEI.Sprint4.Task5.V28.Test.csproj", "{65D3C056-BB74-4540-A246-18A9872D8343}"
EndProject
Project("{FAE04EC0-301F-11D3-BF4B-00C04F79EFBC}") = "Tyuiu.EvseevEI.Sprint4.Task5.V28.Lib", "Tyuiu.EvseevEI.Sprint4.Task5.V28.Lib\Tyuiu.EvseevEI.Sprint4.Task5.V28.Lib.csproj", "{E50DF02D-D1B8-47DE-ADBF-0923798540FD}"
EndProject
Global
	GlobalSection(SolutionConfigurationPlatforms) = preSolution
		Debug|Any CPU = Debug|Any CPU
		Release|Any CPU = Release|Any CPU
	EndGlobalSection
	GlobalSection(ProjectConfigurationPlatforms) = postSolution
		{DB39E2BD-E5A9-4AEF-9144-226F0EC787CF}.Debug|Any CPU.ActiveCfg = Debug|Any CPU
		{DB39E2BD-E5A9-4AEF-9144-226F0EC787CF}.Debug|Any CPU.Build.0 = Debug|Any CPU
		{DB39E2BD-E5A9-4AEF-9144-226F0EC787CF}.Release|Any CPU.ActiveCfg = Release|Any CPU
		{DB39E2BD-E5A9-4AEF-9144-226F0EC787CF}.Release|Any CPU.Build.0 = Release|Any CPU
		{19A5F2EA-CB95-4F62-B35E-A06C84F0FC4E}.Debug|Any CPU.ActiveCfg = Debug|Any CPU
		{19A5F2EA-CB95-4F62-B35E-A06C84F0FC4E}.Debug|Any CPU.Build.0 = Debug|Any CPU
		{19A5F2EA-CB95-4F62-B35E-A06C84F0FC4E}.Release|Any CPU.ActiveCfg = Release|Any CPU
		{19A5F2EA-CB95-4F62-B35E-A06C84F0FC4E}.Release|Any CPU.Build.0 = Release|Any CPU
		{12116766-705A-4531-8890-26A19C60A70A}.Debug|Any CPU.ActiveCfg = Debug|Any CPU
		{12116766-705A-4531-8890-26A19C60A70A}.Debug|Any CPU.Build.0 = Debug|Any CPU
		{12116766-705A-4531-8890-26A19C60A70A}.Release|Any CPU.ActiveCfg = Release|Any CPU
		{12116766-705A-4531-8890-26A19C60A70A}.Release|Any CPU.Build.0 = Release|Any CPU
		{0F78FFA8-E4F3-4D6E-BB64-272F4F8AD935}.Debug|Any CPU.ActiveCfg = Debug|Any CPU
		{0F78FFA8-E4F3-4D6E-BB64-272F4F8AD935}.Debug|Any CPU.Build.0 = Debug|Any CPU
		{0F78FFA8-E4F3-4D6E-BB64-272F4F8AD935}.Release|Any CPU.ActiveCfg = Release|Any CPU
		{0F78FFA8-E4F3-4D6E-BB64-272F4F8AD935}.Release|Any CPU.Build.0 = Release|Any CPU
		{1D6C335C-FA4F-4DF3-BCE3-4BE65C13E93A}.Debug|Any CPU.ActiveCfg = Debug|Any CPU
		{1D6C335C-FA4F-4DF3-BCE3-4BE65C13E93A}.Debug|Any CPU.Build.0 = Debug|Any CPU
		{1D6C335C-FA4F-4DF3-BCE3-4BE65C13E93A}.Release|Any CPU.ActiveCfg = Release|Any CPU
		{1D6C335C-FA4F-4DF3-BCE3-4BE65C13E93A}.Release|Any CPU.Build.0 = Release|Any CPU
		{CC9B03FC-835E-4298-AB4E-5ABF6309126D}.Debug|Any CPU.ActiveCfg = Debug|Any CPU
		{CC9B03FC-835E-4298-AB4E-5ABF6309126D}.Debug|Any CPU.Build.0 = Debug|Any CPU
		{CC9B03FC-835E-4298-AB4E-5ABF6309126D}.Release|Any CPU.ActiveCfg = Release|Any CPU
		{CC9B03FC-835E-4298-AB4E-5ABF6309126D}.Release|Any CPU.Build.0 = Release|Any CPU
		{12D3D90D-7946-4F54-9DD7-8D2A54E617A6}.Debug|Any CPU.ActiveCfg = Debug|Any CPU
		{12D3D90D-7946-4F54-9DD7-8D2A54E617A6}.Debug|Any CPU.Build.0 = Debug|Any CPU
		{12D3D90D-7946-4F54-9DD7-8D2A54E617A6}.Release|Any CPU.ActiveCfg = Release|Any CPU
		{12D3D90D-7946-4F54-9DD7-8D2A54E617A6}.Release|Any CPU.Build.0 = Release|Any CPU
		{4D50F909-AF7E-4F6A-B08F-A415183C16B5}.Debug|Any CPU.ActiveCfg = Debug|Any CPU
		{4D50F909-AF7E-4F6A-B08F-A415183C16B5}.Debug|Any CPU.Build.0 = Debug|Any CPU
		{4D50F909-AF7E-4F6A-B08F-A415183C16B5}.Release|Any CPU.ActiveCfg = Release|Any CPU
		{4D50F909-AF7E-4F6A-B08F-A415183C16B5}.Release|Any CPU.Build.0 = Release|Any CPU
		{535C07A3-32E0-4CEE-AD61-44860FE76F9A}.Debug|Any CPU.ActiveCfg = Debug|Any CPU
		{535C07A3-32E0-4CEE-AD61-44860FE76F9A}.Debug|Any CPU.Build.0 = Debug|Any CPU
		{535C07A3-32E0-4CEE-AD61-44860FE76F9A}.Release|Any CPU.ActiveCfg = Release|Any CPU
		{535C07A3-32E0-4CEE-AD61-44860FE76F9A}.Release|Any CPU.Build.0 = Release|Any CPU
		{B2CB45CB-9CE0-4FDE-85D2-165811AB4387}.Debug|Any CPU.ActiveCfg = Debug|Any CPU
		{B2CB45CB-9CE0-4FDE-85D2-165811AB4387}.Debug|Any CPU.Build.0 = Debug|Any CPU
		{B2CB45CB-9CE0-4FDE-85D2-165811AB4387}.Release|Any CPU.ActiveCfg = Release|Any CPU
		{B2CB45CB-9CE0-4FDE-85D2-165811AB4387}.Release|Any CPU.Build.0 = Release|Any CPU
		{D473CBE5-DD4D-4423-B00E-E885C5BAB739}.Debug|Any CPU.ActiveCfg = Debug|Any CPU
		{D473CBE5-DD4D-4423-B00E-E885C5BAB739}.Debug|Any CPU.Build.0 = Debug|Any CPU
		{D473CBE5-DD4D-4423-B00E-E885C5BAB739}.Release|Any CPU.ActiveCfg = Release|Any CPU
		{D473CBE5-DD4D-4423-B00E-E885C5BAB739}.Release|Any CPU.Build.0 = Release|Any CPU
		{601CE641-D5C9-4E8A-B7C4-88FDCFA02EC1}.Debug|Any CPU.ActiveCfg = Debug|Any CPU
		{601CE641-D5C9-4E8A-B7C4-88FDCFA02EC1}.Debug|Any CPU.Build.0 = Debug|Any CPU
		{601CE641-D5C9-4E8A-B7C4-88FDCFA02EC1}.Release|Any CPU.ActiveCfg = Release|Any CPU
		{601CE641-D5C9-4E8A-B7C4-88FDCFA02EC1}.Release|Any CPU.Build.0 = Release|Any CPU
		{8ED0E09E-D2EB-4F55-B16A-CE9639CB92DF}.Debug|Any CPU.ActiveCfg = Debug|Any CPU
		{8ED0E09E-D2EB-4F55-B16A-CE9639CB92DF}.Debug|Any CPU.Build.0 = Debug|Any CPU
		{8ED0E09E-D2EB-4F55-B16A-CE9639CB92DF}.Release|Any CPU.ActiveCfg = Release|Any CPU
		{8ED0E09E-D2EB-4F55-B16A-CE9639CB92DF}.Release|Any CPU.Build.0 = Release|Any CPU
		{65D3C056-BB74-4540-A246-18A9872D8343}.Debug|Any CPU.ActiveCfg = Debug|Any CPU
		{65D3C056-BB74-4540-A246-18A9872D8343}.Debug|Any CPU.Build.0 = Debug|Any CPU
		{65D3C056-BB74-4540-A246-18A9872D8343}.Release|Any CPU.ActiveCfg = Release|Any CPU
		{65D3C056-BB74-4540-A246-18A9872D8343}.Release|Any CPU.Build.0 = Release|Any CPU
		{E50DF02D-D1B8-47DE-ADBF-0923798540FD}.Debug|Any CPU.ActiveCfg = Debug|Any CPU
		{E50DF02D-D1B8-47DE-ADBF-0923798540FD}.Debug|Any CPU.Build.0 = Debug|Any CPU
		{E50DF02D-D1B8-47DE-ADBF-0923798540FD}.Release|Any CPU.ActiveCfg = Release|Any CPU
		{E50DF02D-D1B8-47DE-ADBF-0923798540FD}.Release|Any CPU.Build.0 = Release|Any CPU
	EndGlobalSection
	GlobalSection(SolutionProperties) = preSolution
		HideSolutionNode = FALSE
	EndGlobalSection
	GlobalSection(NestedProjects) = preSolution
		{DB39E2BD-E5A9-4AEF-9144-226F0EC787CF} = {5EB0809B-1674-41B4-AB39-DE5CF2B562FE}
		{19A5F2EA-CB95-4F62-B35E-A06C84F0FC4E} = {5EB0809B-1674-41B4-AB39-DE5CF2B562FE}
		{12116766-705A-4531-8890-26A19C60A70A} = {5EB0809B-1674-41B4-AB39-DE5CF2B562FE}
		{0F78FFA8-E4F3-4D6E-BB64-272F4F8AD935} = {D44111D0-64A4-49E8-9FA1-31C43FC5E403}
		{1D6C335C-FA4F-4DF3-BCE3-4BE65C13E93A} = {D44111D0-64A4-49E8-9FA1-31C43FC5E403}
		{CC9B03FC-835E-4298-AB4E-5ABF6309126D} = {D44111D0-64A4-49E8-9FA1-31C43FC5E403}
		{12D3D90D-7946-4F54-9DD7-8D2A54E617A6} = {C7AC9A3F-E5A3-40C1-9CB3-1D31C5E2C8E2}
		{4D50F909-AF7E-4F6A-B08F-A415183C16B5} = {C7AC9A3F-E5A3-40C1-9CB3-1D31C5E2C8E2}
		{535C07A3-32E0-4CEE-AD61-44860FE76F9A} = {C7AC9A3F-E5A3-40C1-9CB3-1D31C5E2C8E2}
		{B2CB45CB-9CE0-4FDE-85D2-165811AB4387} = {E3E3940F-FD40-426F-9295-EC304C1E69C9}
		{D473CBE5-DD4D-4423-B00E-E885C5BAB739} = {E3E3940F-FD40-426F-9295-EC304C1E69C9}
		{601CE641-D5C9-4E8A-B7C4-88FDCFA02EC1} = {E3E3940F-FD40-426F-9295-EC304C1E69C9}
		{8ED0E09E-D2EB-4F55-B16A-CE9639CB92DF} = {A0A7929C-0B67-4A12-A1F8-6E7BB302DE8B}
		{65D3C056-BB74-4540-A246-18A9872D8343} = {A0A7929C-0B67-4A12-A1F8-6E7BB302DE8B}
		{E50DF02D-D1B8-47DE-ADBF-0923798540FD} = {A0A7929C-0B67-4A12-A1F8-6E7BB302DE8B}
	EndGlobalSection
	GlobalSection(ExtensibilityGlobals) = postSolution
		SolutionGuid = {FD3A39B7-D456-4D68-B257-66CD4CAE8E01}
	EndGlobalSection
EndGlobal
