
Microsoft Visual Studio Solution File, Format Version 12.00
# Visual Studio Version 17
VisualStudioVersion = 17.11.35312.102
MinimumVisualStudioVersion = 10.0.40219.1
Project("{2150E333-8FDC-42A3-9474-1A3956D46DE8}") = "Task0", "Task0", "{5EB0809B-1674-41B4-AB39-DE5CF2B562FE}"
EndProject
Project("{FAE04EC0-301F-11D3-BF4B-00C04F79EFBC}") = "Tyuiu.EvseevEI.Sprint4.Task0.V29", "Tyuiu.EvseevEI.Sprint4.Task0.V29\Tyuiu.EvseevEI.Sprint4.Task0.V29.csproj", "{DB39E2BD-E5A9-4AEF-9144-226F0EC787CF}"
EndProject
Project("{FAE04EC0-301F-11D3-BF4B-00C04F79EFBC}") = "Tyuiu.EvseevEI.Sprint4.Task0.V29.Test", "Tyuiu.EvseevEI.Sprint4.Task0.V29.Test\Tyuiu.EvseevEI.Sprint4.Task0.V29.Test.csproj", "{19A5F2EA-CB95-4F62-B35E-A06C84F0FC4E}"
EndProject
Project("{FAE04EC0-301F-11D3-BF4B-00C04F79EFBC}") = "Tyuiu.EvseevEI.Sprint4.Task0.V29.Lib", "Tyuiu.EvseevEI.Sprint4.Task0.V29.Lib\Tyuiu.EvseevEI.Sprint4.Task0.V29.Lib.csproj", "{12116766-705A-4531-8890-26A19C60A70A}"
EndProject
Project("{2150E333-8FDC-42A3-9474-1A3956D46DE8}") = "Task1", "Task1", "{D44111D0-64A4-49E8-9FA1-31C43FC5E403}"
EndProject
Project("{FAE04EC0-301F-11D3-BF4B-00C04F79EFBC}") = "Tyuiu.EvseevEI.Sprint4.Task1.V13", "Tyuiu.EvseevEI.Sprint4.Task1.V13\Tyuiu.EvseevEI.Sprint4.Task1.V13.csproj", "{0F78FFA8-E4F3-4D6E-BB64-272F4F8AD935}"
EndProject
Project("{FAE04EC0-301F-11D3-BF4B-00C04F79EFBC}") = "Tyuiu.EvseevEI.Sprint4.Task1.V13.Test", "Tyuiu.EvseevEI.Sprint4.Task1.V13.Test\Tyuiu.EvseevEI.Sprint4.Task1.V13.Test.csproj", "{1D6C335C-FA4F-4DF3-BCE3-4BE65C13E93A}"
EndProject
Project("{FAE04EC0-301F-11D3-BF4B-00C04F79EFBC}") = "Tyuiu.EvseevEI.Sprint4.Task1.V13.Lib", "Tyuiu.EvseevEI.Sprint4.Task1.V13.Lib\Tyuiu.EvseevEI.Sprint4.Task1.V13.Lib.csproj", "{CC9B03FC-835E-4298-AB4E-5ABF6309126D}"
EndProject
Global
	GlobalSection(SolutionConfigurationPlatforms) = preSolution
		Debug|Any CPU = Debug|Any CPU
		Release|Any CPU = Release|Any CPU
	EndGlobalSection
	GlobalSection(ProjectConfigurationPlatforms) = postSolution
		{DB39E2BD-E5A9-4AEF-9144-226F0EC787CF}.Debug|Any CPU.ActiveCfg = Debug|Any CPU
		{DB39E2BD-E5A9-4AEF-9144-226F0EC787CF}.Debug|Any CPU.Build.0 = Debug|Any CPU
		{DB39E2BD-E5A9-4AEF-9144-226F0EC787CF}.Release|Any CPU.ActiveCfg = Release|Any CPU
		{DB39E2BD-E5A9-4AEF-9144-226F0EC787CF}.Release|Any CPU.Build.0 = Release|Any CPU
		{19A5F2EA-CB95-4F62-B35E-A06C84F0FC4E}.Debug|Any CPU.ActiveCfg = Debug|Any CPU
		{19A5F2EA-CB95-4F62-B35E-A06C84F0FC4E}.Debug|Any CPU.Build.0 = Debug|Any CPU
		{19A5F2EA-CB95-4F62-B35E-A06C84F0FC4E}.Release|Any CPU.ActiveCfg = Release|Any CPU
		{19A5F2EA-CB95-4F62-B35E-A06C84F0FC4E}.Release|Any CPU.Build.0 = Release|Any CPU
		{12116766-705A-4531-8890-26A19C60A70A}.Debug|Any CPU.ActiveCfg = Debug|Any CPU
		{12116766-705A-4531-8890-26A19C60A70A}.Debug|Any CPU.Build.0 = Debug|Any CPU
		{12116766-705A-4531-8890-26A19C60A70A}.Release|Any CPU.ActiveCfg = Release|Any CPU
		{12116766-705A-4531-8890-26A19C60A70A}.Release|Any CPU.Build.0 = Release|Any CPU
		{0F78FFA8-E4F3-4D6E-BB64-272F4F8AD935}.Debug|Any CPU.ActiveCfg = Debug|Any CPU
		{0F78FFA8-E4F3-4D6E-BB64-272F4F8AD935}.Debug|Any CPU.Build.0 = Debug|Any CPU
		{0F78FFA8-E4F3-4D6E-BB64-272F4F8AD935}.Release|Any CPU.ActiveCfg = Release|Any CPU
		{0F78FFA8-E4F3-4D6E-BB64-272F4F8AD935}.Release|Any CPU.Build.0 = Release|Any CPU
		{1D6C335C-FA4F-4DF3-BCE3-4BE65C13E93A}.Debug|Any CPU.ActiveCfg = Debug|Any CPU
		{1D6C335C-FA4F-4DF3-BCE3-4BE65C13E93A}.Debug|Any CPU.Build.0 = Debug|Any CPU
		{1D6C335C-FA4F-4DF3-BCE3-4BE65C13E93A}.Release|Any CPU.ActiveCfg = Release|Any CPU
		{1D6C335C-FA4F-4DF3-BCE3-4BE65C13E93A}.Release|Any CPU.Build.0 = Release|Any CPU
		{CC9B03FC-835E-4298-AB4E-5ABF6309126D}.Debug|Any CPU.ActiveCfg = Debug|Any CPU
		{CC9B03FC-835E-4298-AB4E-5ABF6309126D}.Debug|Any CPU.Build.0 = Debug|Any CPU
		{CC9B03FC-835E-4298-AB4E-5ABF6309126D}.Release|Any CPU.ActiveCfg = Release|Any CPU
		{CC9B03FC-835E-4298-AB4E-5ABF6309126D}.Release|Any CPU.Build.0 = Release|Any CPU
	EndGlobalSection
	GlobalSection(SolutionProperties) = preSolution
		HideSolutionNode = FALSE
	EndGlobalSection
	GlobalSection(NestedProjects) = preSolution
		{DB39E2BD-E5A9-4AEF-9144-226F0EC787CF} = {5EB0809B-1674-41B4-AB39-DE5CF2B562FE}
		{19A5F2EA-CB95-4F62-B35E-A06C84F0FC4E} = {5EB0809B-1674-41B4-AB39-DE5CF2B562FE}
		{12116766-705A-4531-8890-26A19C60A70A} = {5EB0809B-1674-41B4-AB39-DE5CF2B562FE}
		{0F78FFA8-E4F3-4D6E-BB64-272F4F8AD935} = {D44111D0-64A4-49E8-9FA1-31C43FC5E403}
		{1D6C335C-FA4F-4DF3-BCE3-4BE65C13E93A} = {D44111D0-64A4-49E8-9FA1-31C43FC5E403}
		{CC9B03FC-835E-4298-AB4E-5ABF6309126D} = {D44111D0-64A4-49E8-9FA1-31C43FC5E403}
	EndGlobalSection
	GlobalSection(ExtensibilityGlobals) = postSolution
		SolutionGuid = {FD3A39B7-D456-4D68-B257-66CD4CAE8E01}
	EndGlobalSection
EndGlobal
